
Microsoft Visual Studio Solution File, Format Version 12.00
# Visual Studio Version 17
VisualStudioVersion = 17.4.33403.182
MinimumVisualStudioVersion = 10.0.40219.1
Project("{FAE04EC0-301F-11D3-BF4B-00C04F79EFBC}") = "RobertSandbox", "RobertSandbox\RobertSandbox.csproj", "{60B40D18-7766-44EE-ADE4-1F6E440BC23B}"
EndProject
Global
	GlobalSection(SolutionConfigurationPlatforms) = preSolution
		Debug|Any CPU = Debug|Any CPU
		Release|Any CPU = Release|Any CPU
	EndGlobalSection
	GlobalSection(ProjectConfigurationPlatforms) = postSolution
		{60B40D18-7766-44EE-ADE4-1F6E440BC23B}.Debug|Any CPU.ActiveCfg = Debug|Any CPU
		{60B40D18-7766-44EE-ADE4-1F6E440BC23B}.Debug|Any CPU.Build.0 = Debug|Any CPU
		{60B40D18-7766-44EE-ADE4-1F6E440BC23B}.Release|Any CPU.ActiveCfg = Release|Any CPU
		{60B40D18-7766-44EE-ADE4-1F6E440BC23B}.Release|Any CPU.Build.0 = Release|Any CPU
	EndGlobalSection
	GlobalSection(SolutionProperties) = preSolution
		HideSolutionNode = FALSE
	EndGlobalSection
	GlobalSection(ExtensibilityGlobals) = postSolution
		SolutionGuid = {A5DC33E0-98F6-4D6C-BB9A-5D5BD5B4DC9B}
	EndGlobalSection
EndGlobal
